
Microsoft Visual Studio Solution File, Format Version 12.00
# Visual Studio Version 17
VisualStudioVersion = 17.5.33103.201
MinimumVisualStudioVersion = 10.0.40219.1
Project("{2150E333-8FDC-42A3-9474-1A3956D46DE8}") = "src", "src", "{E4A059C9-E8EF-4AD8-A28E-BBDBCD7DD067}"
EndProject
Project("{2150E333-8FDC-42A3-9474-1A3956D46DE8}") = "tests", "tests", "{D42C75B1-1C53-4A0A-85A5-CE74C105B8FA}"
EndProject
Project("{2150E333-8FDC-42A3-9474-1A3956D46DE8}") = "BuildingBlocks", "BuildingBlocks", "{7F15A919-D997-420E-AB65-962912D34AAA}"
EndProject
Project("{2150E333-8FDC-42A3-9474-1A3956D46DE8}") = "Contexts", "Contexts", "{58E74782-B79B-4A4A-817F-D75EEBB7F3DD}"
EndProject
Project("{9A19103F-16F7-4668-BE54-9A1E7A4F7556}") = "BuildingBlocks.Domain", "src\BuildingBlocks\BuildingBlocks.Domain\BuildingBlocks.Domain.csproj", "{F92A86F3-F8EB-4475-9990-7D3DC09AC7F1}"
EndProject
Project("{9A19103F-16F7-4668-BE54-9A1E7A4F7556}") = "BuildingBlocks.Core", "src\BuildingBlocks\BuildingBlocks.Core\BuildingBlocks.Core.csproj", "{88C0A330-1E3A-4D4C-A8AC-65F2C8C5C1DA}"
EndProject
Project("{2150E333-8FDC-42A3-9474-1A3956D46DE8}") = "Catalog", "Catalog", "{DA4B3B1F-55DC-4F89-A2D4-EB54E6B8AA61}"
EndProject
Project("{9A19103F-16F7-4668-BE54-9A1E7A4F7556}") = "Catalog.Application", "src\Contexts\Catalog\Catalog.Application\Catalog.Application.csproj", "{754F6B06-D813-4A36-A919-20A55B2B3916}"
EndProject
Project("{9A19103F-16F7-4668-BE54-9A1E7A4F7556}") = "Catalog.Domain", "src\Contexts\Catalog\Catalog.Domain\Catalog.Domain.csproj", "{6FD67426-AAAE-415D-8857-55973E5C6744}"
EndProject
Project("{9A19103F-16F7-4668-BE54-9A1E7A4F7556}") = "Catalog.Infrastructure", "src\Contexts\Catalog\Catalog.Infrastructure\Catalog.Infrastructure.csproj", "{57367ED3-FE20-4097-B02E-FF6756BC5E44}"
EndProject
Project("{2150E333-8FDC-42A3-9474-1A3956D46DE8}") = "Order", "Order", "{2823D1B1-964C-46FD-BAFE-9A9836BAEBB0}"
EndProject
Project("{9A19103F-16F7-4668-BE54-9A1E7A4F7556}") = "Order.Application", "src\Contexts\Order\Order.Application\Order.Application.csproj", "{CFCF5ACA-98FC-4258-B608-F4C7812FF296}"
EndProject
Project("{9A19103F-16F7-4668-BE54-9A1E7A4F7556}") = "Order.Domain", "src\Contexts\Order\Order.Domain\Order.Domain.csproj", "{B6AFD5B3-AF8F-4039-802A-E172B0F40C7B}"
EndProject
Project("{9A19103F-16F7-4668-BE54-9A1E7A4F7556}") = "Order.Infrastructure", "src\Contexts\Order\Order.Infrastructure\Order.Infrastructure.csproj", "{8C559830-CC0C-4741-ABE9-E09247AC1372}"
EndProject
Project("{2150E333-8FDC-42A3-9474-1A3956D46DE8}") = "Basket", "Basket", "{5C6C0706-6A20-45F0-92B9-04863704A84D}"
EndProject
Project("{FAE04EC0-301F-11D3-BF4B-00C04F79EFBC}") = "Basket.Domain", "src\Contexts\Basket\Basket.Domain\Basket.Domain.csproj", "{6142C569-1704-40F0-AC02-3D751AAE7E3D}"
EndProject
Project("{FAE04EC0-301F-11D3-BF4B-00C04F79EFBC}") = "Basket.Application", "src\Contexts\Basket\Basket.Application\Basket.Application.csproj", "{B5363B93-34E0-4727-86D2-C34CA2F4B800}"
EndProject
Project("{FAE04EC0-301F-11D3-BF4B-00C04F79EFBC}") = "Basket.Infrastructure", "src\Contexts\Basket\Basket.Infrastructure\Basket.Infrastructure.csproj", "{7321BC11-2C1B-404F-9314-F5CD32F231BF}"
EndProject
Global
	GlobalSection(SolutionConfigurationPlatforms) = preSolution
		Debug|Any CPU = Debug|Any CPU
		Release|Any CPU = Release|Any CPU
	EndGlobalSection
	GlobalSection(ProjectConfigurationPlatforms) = postSolution
		{F92A86F3-F8EB-4475-9990-7D3DC09AC7F1}.Debug|Any CPU.ActiveCfg = Debug|Any CPU
		{F92A86F3-F8EB-4475-9990-7D3DC09AC7F1}.Debug|Any CPU.Build.0 = Debug|Any CPU
		{F92A86F3-F8EB-4475-9990-7D3DC09AC7F1}.Release|Any CPU.ActiveCfg = Release|Any CPU
		{F92A86F3-F8EB-4475-9990-7D3DC09AC7F1}.Release|Any CPU.Build.0 = Release|Any CPU
		{88C0A330-1E3A-4D4C-A8AC-65F2C8C5C1DA}.Debug|Any CPU.ActiveCfg = Debug|Any CPU
		{88C0A330-1E3A-4D4C-A8AC-65F2C8C5C1DA}.Debug|Any CPU.Build.0 = Debug|Any CPU
		{88C0A330-1E3A-4D4C-A8AC-65F2C8C5C1DA}.Release|Any CPU.ActiveCfg = Release|Any CPU
		{88C0A330-1E3A-4D4C-A8AC-65F2C8C5C1DA}.Release|Any CPU.Build.0 = Release|Any CPU
		{754F6B06-D813-4A36-A919-20A55B2B3916}.Debug|Any CPU.ActiveCfg = Debug|Any CPU
		{754F6B06-D813-4A36-A919-20A55B2B3916}.Debug|Any CPU.Build.0 = Debug|Any CPU
		{754F6B06-D813-4A36-A919-20A55B2B3916}.Release|Any CPU.ActiveCfg = Release|Any CPU
		{754F6B06-D813-4A36-A919-20A55B2B3916}.Release|Any CPU.Build.0 = Release|Any CPU
		{6FD67426-AAAE-415D-8857-55973E5C6744}.Debug|Any CPU.ActiveCfg = Debug|Any CPU
		{6FD67426-AAAE-415D-8857-55973E5C6744}.Debug|Any CPU.Build.0 = Debug|Any CPU
		{6FD67426-AAAE-415D-8857-55973E5C6744}.Release|Any CPU.ActiveCfg = Release|Any CPU
		{6FD67426-AAAE-415D-8857-55973E5C6744}.Release|Any CPU.Build.0 = Release|Any CPU
		{57367ED3-FE20-4097-B02E-FF6756BC5E44}.Debug|Any CPU.ActiveCfg = Debug|Any CPU
		{57367ED3-FE20-4097-B02E-FF6756BC5E44}.Debug|Any CPU.Build.0 = Debug|Any CPU
		{57367ED3-FE20-4097-B02E-FF6756BC5E44}.Release|Any CPU.ActiveCfg = Release|Any CPU
		{57367ED3-FE20-4097-B02E-FF6756BC5E44}.Release|Any CPU.Build.0 = Release|Any CPU
		{CFCF5ACA-98FC-4258-B608-F4C7812FF296}.Debug|Any CPU.ActiveCfg = Debug|Any CPU
		{CFCF5ACA-98FC-4258-B608-F4C7812FF296}.Debug|Any CPU.Build.0 = Debug|Any CPU
		{CFCF5ACA-98FC-4258-B608-F4C7812FF296}.Release|Any CPU.ActiveCfg = Release|Any CPU
		{CFCF5ACA-98FC-4258-B608-F4C7812FF296}.Release|Any CPU.Build.0 = Release|Any CPU
		{B6AFD5B3-AF8F-4039-802A-E172B0F40C7B}.Debug|Any CPU.ActiveCfg = Debug|Any CPU
		{B6AFD5B3-AF8F-4039-802A-E172B0F40C7B}.Debug|Any CPU.Build.0 = Debug|Any CPU
		{B6AFD5B3-AF8F-4039-802A-E172B0F40C7B}.Release|Any CPU.ActiveCfg = Release|Any CPU
		{B6AFD5B3-AF8F-4039-802A-E172B0F40C7B}.Release|Any CPU.Build.0 = Release|Any CPU
		{8C559830-CC0C-4741-ABE9-E09247AC1372}.Debug|Any CPU.ActiveCfg = Debug|Any CPU
		{8C559830-CC0C-4741-ABE9-E09247AC1372}.Debug|Any CPU.Build.0 = Debug|Any CPU
		{8C559830-CC0C-4741-ABE9-E09247AC1372}.Release|Any CPU.ActiveCfg = Release|Any CPU
		{8C559830-CC0C-4741-ABE9-E09247AC1372}.Release|Any CPU.Build.0 = Release|Any CPU
		{6142C569-1704-40F0-AC02-3D751AAE7E3D}.Debug|Any CPU.ActiveCfg = Debug|Any CPU
		{6142C569-1704-40F0-AC02-3D751AAE7E3D}.Debug|Any CPU.Build.0 = Debug|Any CPU
		{6142C569-1704-40F0-AC02-3D751AAE7E3D}.Release|Any CPU.ActiveCfg = Release|Any CPU
		{6142C569-1704-40F0-AC02-3D751AAE7E3D}.Release|Any CPU.Build.0 = Release|Any CPU
		{B5363B93-34E0-4727-86D2-C34CA2F4B800}.Debug|Any CPU.ActiveCfg = Debug|Any CPU
		{B5363B93-34E0-4727-86D2-C34CA2F4B800}.Debug|Any CPU.Build.0 = Debug|Any CPU
		{B5363B93-34E0-4727-86D2-C34CA2F4B800}.Release|Any CPU.ActiveCfg = Release|Any CPU
		{B5363B93-34E0-4727-86D2-C34CA2F4B800}.Release|Any CPU.Build.0 = Release|Any CPU
		{7321BC11-2C1B-404F-9314-F5CD32F231BF}.Debug|Any CPU.ActiveCfg = Debug|Any CPU
		{7321BC11-2C1B-404F-9314-F5CD32F231BF}.Debug|Any CPU.Build.0 = Debug|Any CPU
		{7321BC11-2C1B-404F-9314-F5CD32F231BF}.Release|Any CPU.ActiveCfg = Release|Any CPU
		{7321BC11-2C1B-404F-9314-F5CD32F231BF}.Release|Any CPU.Build.0 = Release|Any CPU
	EndGlobalSection
	GlobalSection(SolutionProperties) = preSolution
		HideSolutionNode = FALSE
	EndGlobalSection
	GlobalSection(NestedProjects) = preSolution
		{7F15A919-D997-420E-AB65-962912D34AAA} = {E4A059C9-E8EF-4AD8-A28E-BBDBCD7DD067}
		{58E74782-B79B-4A4A-817F-D75EEBB7F3DD} = {E4A059C9-E8EF-4AD8-A28E-BBDBCD7DD067}
		{F92A86F3-F8EB-4475-9990-7D3DC09AC7F1} = {7F15A919-D997-420E-AB65-962912D34AAA}
		{88C0A330-1E3A-4D4C-A8AC-65F2C8C5C1DA} = {7F15A919-D997-420E-AB65-962912D34AAA}
		{DA4B3B1F-55DC-4F89-A2D4-EB54E6B8AA61} = {58E74782-B79B-4A4A-817F-D75EEBB7F3DD}
		{754F6B06-D813-4A36-A919-20A55B2B3916} = {DA4B3B1F-55DC-4F89-A2D4-EB54E6B8AA61}
		{6FD67426-AAAE-415D-8857-55973E5C6744} = {DA4B3B1F-55DC-4F89-A2D4-EB54E6B8AA61}
		{57367ED3-FE20-4097-B02E-FF6756BC5E44} = {DA4B3B1F-55DC-4F89-A2D4-EB54E6B8AA61}
		{2823D1B1-964C-46FD-BAFE-9A9836BAEBB0} = {58E74782-B79B-4A4A-817F-D75EEBB7F3DD}
		{CFCF5ACA-98FC-4258-B608-F4C7812FF296} = {2823D1B1-964C-46FD-BAFE-9A9836BAEBB0}
		{B6AFD5B3-AF8F-4039-802A-E172B0F40C7B} = {2823D1B1-964C-46FD-BAFE-9A9836BAEBB0}
		{8C559830-CC0C-4741-ABE9-E09247AC1372} = {2823D1B1-964C-46FD-BAFE-9A9836BAEBB0}
		{5C6C0706-6A20-45F0-92B9-04863704A84D} = {58E74782-B79B-4A4A-817F-D75EEBB7F3DD}
		{6142C569-1704-40F0-AC02-3D751AAE7E3D} = {5C6C0706-6A20-45F0-92B9-04863704A84D}
		{B5363B93-34E0-4727-86D2-C34CA2F4B800} = {5C6C0706-6A20-45F0-92B9-04863704A84D}
		{7321BC11-2C1B-404F-9314-F5CD32F231BF} = {5C6C0706-6A20-45F0-92B9-04863704A84D}
	EndGlobalSection
	GlobalSection(ExtensibilityGlobals) = postSolution
		SolutionGuid = {66EE3E86-8784-45B5-88DA-7059EFECC46C}
	EndGlobalSection
EndGlobal
